
Microsoft Visual Studio Solution File, Format Version 12.00
# Visual Studio Version 17
VisualStudioVersion = 17.3.32811.315
MinimumVisualStudioVersion = 10.0.40219.1
Project("{54A90642-561A-4BB1-A94E-469ADEE60C69}") = "CityWeatherDetails", "CityWeatherDetails\CityWeatherDetails.esproj", "{131D4253-8C92-4F39-9382-FDB48BA3EC93}"
EndProject
Project("{FAE04EC0-301F-11D3-BF4B-00C04F79EFBC}") = "WeatherDetailsApi", "WeatherDetailsApi\WeatherDetailsApi.csproj", "{422AB375-B890-40E4-84B0-339A2FB4E469}"
EndProject
Project("{FAE04EC0-301F-11D3-BF4B-00C04F79EFBC}") = "WeatherDetailsApiNUnit", "WeatherDetailsApiNUnit\WeatherDetailsApiNUnit.csproj", "{D857AB7D-B104-4C33-AFDF-E9C8BBFFF276}"
EndProject
Global
	GlobalSection(SolutionConfigurationPlatforms) = preSolution
		Debug|Any CPU = Debug|Any CPU
		Release|Any CPU = Release|Any CPU
	EndGlobalSection
	GlobalSection(ProjectConfigurationPlatforms) = postSolution
		{131D4253-8C92-4F39-9382-FDB48BA3EC93}.Debug|Any CPU.ActiveCfg = Debug|Any CPU
		{131D4253-8C92-4F39-9382-FDB48BA3EC93}.Debug|Any CPU.Build.0 = Debug|Any CPU
		{131D4253-8C92-4F39-9382-FDB48BA3EC93}.Debug|Any CPU.Deploy.0 = Debug|Any CPU
		{131D4253-8C92-4F39-9382-FDB48BA3EC93}.Release|Any CPU.ActiveCfg = Release|Any CPU
		{131D4253-8C92-4F39-9382-FDB48BA3EC93}.Release|Any CPU.Build.0 = Release|Any CPU
		{131D4253-8C92-4F39-9382-FDB48BA3EC93}.Release|Any CPU.Deploy.0 = Release|Any CPU
		{422AB375-B890-40E4-84B0-339A2FB4E469}.Debug|Any CPU.ActiveCfg = Debug|Any CPU
		{422AB375-B890-40E4-84B0-339A2FB4E469}.Debug|Any CPU.Build.0 = Debug|Any CPU
		{422AB375-B890-40E4-84B0-339A2FB4E469}.Release|Any CPU.ActiveCfg = Release|Any CPU
		{422AB375-B890-40E4-84B0-339A2FB4E469}.Release|Any CPU.Build.0 = Release|Any CPU
		{D857AB7D-B104-4C33-AFDF-E9C8BBFFF276}.Debug|Any CPU.ActiveCfg = Debug|Any CPU
		{D857AB7D-B104-4C33-AFDF-E9C8BBFFF276}.Debug|Any CPU.Build.0 = Debug|Any CPU
		{D857AB7D-B104-4C33-AFDF-E9C8BBFFF276}.Release|Any CPU.ActiveCfg = Release|Any CPU
		{D857AB7D-B104-4C33-AFDF-E9C8BBFFF276}.Release|Any CPU.Build.0 = Release|Any CPU
	EndGlobalSection
	GlobalSection(SolutionProperties) = preSolution
		HideSolutionNode = FALSE
	EndGlobalSection
	GlobalSection(ExtensibilityGlobals) = postSolution
		SolutionGuid = {7493F7DE-DCBF-4D8E-B2C8-D82766A996B6}
	EndGlobalSection
EndGlobal
